
Microsoft Visual Studio Solution File, Format Version 12.00
# Visual Studio Version 17
VisualStudioVersion = 17.3.32819.101
MinimumVisualStudioVersion = 10.0.40219.1
Project("{FAE04EC0-301F-11D3-BF4B-00C04F79EFBC}") = "Dop_Lab14", "Dop_Lab14\Dop_Lab14.csproj", "{24EAF1A1-5FD7-4F6E-9B7C-5ADCDFC1EC26}"
EndProject
Global
	GlobalSection(SolutionConfigurationPlatforms) = preSolution
		Debug|Any CPU = Debug|Any CPU
		Release|Any CPU = Release|Any CPU
	EndGlobalSection
	GlobalSection(ProjectConfigurationPlatforms) = postSolution
		{24EAF1A1-5FD7-4F6E-9B7C-5ADCDFC1EC26}.Debug|Any CPU.ActiveCfg = Debug|Any CPU
		{24EAF1A1-5FD7-4F6E-9B7C-5ADCDFC1EC26}.Debug|Any CPU.Build.0 = Debug|Any CPU
		{24EAF1A1-5FD7-4F6E-9B7C-5ADCDFC1EC26}.Release|Any CPU.ActiveCfg = Release|Any CPU
		{24EAF1A1-5FD7-4F6E-9B7C-5ADCDFC1EC26}.Release|Any CPU.Build.0 = Release|Any CPU
	EndGlobalSection
	GlobalSection(SolutionProperties) = preSolution
		HideSolutionNode = FALSE
	EndGlobalSection
	GlobalSection(ExtensibilityGlobals) = postSolution
		SolutionGuid = {6B1F5C34-4BB3-4487-B4CB-264EE47F6ED4}
	EndGlobalSection
EndGlobal
