
Microsoft Visual Studio Solution File, Format Version 12.00
# Visual Studio Version 17
VisualStudioVersion = 17.3.32819.101
MinimumVisualStudioVersion = 10.0.40219.1
Project("{FAE04EC0-301F-11D3-BF4B-00C04F79EFBC}") = "Lab_15", "Lab_15\Lab_15.csproj", "{009649CB-041C-41C6-87ED-02C722469A90}"
EndProject
Global
	GlobalSection(SolutionConfigurationPlatforms) = preSolution
		Debug|Any CPU = Debug|Any CPU
		Release|Any CPU = Release|Any CPU
	EndGlobalSection
	GlobalSection(ProjectConfigurationPlatforms) = postSolution
		{009649CB-041C-41C6-87ED-02C722469A90}.Debug|Any CPU.ActiveCfg = Debug|Any CPU
		{009649CB-041C-41C6-87ED-02C722469A90}.Debug|Any CPU.Build.0 = Debug|Any CPU
		{009649CB-041C-41C6-87ED-02C722469A90}.Release|Any CPU.ActiveCfg = Release|Any CPU
		{009649CB-041C-41C6-87ED-02C722469A90}.Release|Any CPU.Build.0 = Release|Any CPU
	EndGlobalSection
	GlobalSection(SolutionProperties) = preSolution
		HideSolutionNode = FALSE
	EndGlobalSection
	GlobalSection(ExtensibilityGlobals) = postSolution
		SolutionGuid = {0ECF7060-E575-4292-A0A2-D1B488BC78D9}
	EndGlobalSection
EndGlobal
