
Microsoft Visual Studio Solution File, Format Version 12.00
# Visual Studio Version 17
VisualStudioVersion = 17.4.33122.133
MinimumVisualStudioVersion = 10.0.40219.1
Project("{FAE04EC0-301F-11D3-BF4B-00C04F79EFBC}") = "Zadacha_4", "Zadacha_4\Zadacha_4.csproj", "{790983A3-700D-4232-8882-1F48ABEB9F1E}"
EndProject
Global
	GlobalSection(SolutionConfigurationPlatforms) = preSolution
		Debug|Any CPU = Debug|Any CPU
		Release|Any CPU = Release|Any CPU
	EndGlobalSection
	GlobalSection(ProjectConfigurationPlatforms) = postSolution
		{790983A3-700D-4232-8882-1F48ABEB9F1E}.Debug|Any CPU.ActiveCfg = Debug|Any CPU
		{790983A3-700D-4232-8882-1F48ABEB9F1E}.Debug|Any CPU.Build.0 = Debug|Any CPU
		{790983A3-700D-4232-8882-1F48ABEB9F1E}.Release|Any CPU.ActiveCfg = Release|Any CPU
		{790983A3-700D-4232-8882-1F48ABEB9F1E}.Release|Any CPU.Build.0 = Release|Any CPU
	EndGlobalSection
	GlobalSection(SolutionProperties) = preSolution
		HideSolutionNode = FALSE
	EndGlobalSection
	GlobalSection(ExtensibilityGlobals) = postSolution
		SolutionGuid = {F8AE311D-921B-4986-9D43-1957F9E429AD}
	EndGlobalSection
EndGlobal
